
Microsoft Visual Studio Solution File, Format Version 12.00
# Visual Studio Version 16
VisualStudioVersion = 16.0.31911.196
MinimumVisualStudioVersion = 10.0.40219.1
Project("{FAE04EC0-301F-11D3-BF4B-00C04F79EFBC}") = "DataAccess", "DataAccess\DataAccess.csproj", "{DAF73C2C-8748-4CCA-A362-50C6F4AEAEA1}"
EndProject
Project("{FAE04EC0-301F-11D3-BF4B-00C04F79EFBC}") = "Entities", "Entities\Entities.csproj", "{43677EE5-82DE-436D-9DAC-1AAA0169620C}"
EndProject
Project("{FAE04EC0-301F-11D3-BF4B-00C04F79EFBC}") = "Business", "Business\Business.csproj", "{79AF8A90-0A67-45ED-9AA6-ABFB10211155}"
EndProject
Project("{FAE04EC0-301F-11D3-BF4B-00C04F79EFBC}") = "ConsoleUI", "ConsoleUI\ConsoleUI.csproj", "{4C29728F-7559-439C-AE5C-5248428288FC}"
EndProject
Project("{FAE04EC0-301F-11D3-BF4B-00C04F79EFBC}") = "Core", "Core\Core.csproj", "{21EB1A7F-D04B-40DB-8484-2F3C2B2FBCB7}"
EndProject
Global
	GlobalSection(SolutionConfigurationPlatforms) = preSolution
		Debug|Any CPU = Debug|Any CPU
		Release|Any CPU = Release|Any CPU
	EndGlobalSection
	GlobalSection(ProjectConfigurationPlatforms) = postSolution
		{DAF73C2C-8748-4CCA-A362-50C6F4AEAEA1}.Debug|Any CPU.ActiveCfg = Debug|Any CPU
		{DAF73C2C-8748-4CCA-A362-50C6F4AEAEA1}.Debug|Any CPU.Build.0 = Debug|Any CPU
		{DAF73C2C-8748-4CCA-A362-50C6F4AEAEA1}.Release|Any CPU.ActiveCfg = Release|Any CPU
		{DAF73C2C-8748-4CCA-A362-50C6F4AEAEA1}.Release|Any CPU.Build.0 = Release|Any CPU
		{43677EE5-82DE-436D-9DAC-1AAA0169620C}.Debug|Any CPU.ActiveCfg = Debug|Any CPU
		{43677EE5-82DE-436D-9DAC-1AAA0169620C}.Debug|Any CPU.Build.0 = Debug|Any CPU
		{43677EE5-82DE-436D-9DAC-1AAA0169620C}.Release|Any CPU.ActiveCfg = Release|Any CPU
		{43677EE5-82DE-436D-9DAC-1AAA0169620C}.Release|Any CPU.Build.0 = Release|Any CPU
		{79AF8A90-0A67-45ED-9AA6-ABFB10211155}.Debug|Any CPU.ActiveCfg = Debug|Any CPU
		{79AF8A90-0A67-45ED-9AA6-ABFB10211155}.Debug|Any CPU.Build.0 = Debug|Any CPU
		{79AF8A90-0A67-45ED-9AA6-ABFB10211155}.Release|Any CPU.ActiveCfg = Release|Any CPU
		{79AF8A90-0A67-45ED-9AA6-ABFB10211155}.Release|Any CPU.Build.0 = Release|Any CPU
		{4C29728F-7559-439C-AE5C-5248428288FC}.Debug|Any CPU.ActiveCfg = Debug|Any CPU
		{4C29728F-7559-439C-AE5C-5248428288FC}.Debug|Any CPU.Build.0 = Debug|Any CPU
		{4C29728F-7559-439C-AE5C-5248428288FC}.Release|Any CPU.ActiveCfg = Release|Any CPU
		{4C29728F-7559-439C-AE5C-5248428288FC}.Release|Any CPU.Build.0 = Release|Any CPU
		{21EB1A7F-D04B-40DB-8484-2F3C2B2FBCB7}.Debug|Any CPU.ActiveCfg = Debug|Any CPU
		{21EB1A7F-D04B-40DB-8484-2F3C2B2FBCB7}.Debug|Any CPU.Build.0 = Debug|Any CPU
		{21EB1A7F-D04B-40DB-8484-2F3C2B2FBCB7}.Release|Any CPU.ActiveCfg = Release|Any CPU
		{21EB1A7F-D04B-40DB-8484-2F3C2B2FBCB7}.Release|Any CPU.Build.0 = Release|Any CPU
	EndGlobalSection
	GlobalSection(SolutionProperties) = preSolution
		HideSolutionNode = FALSE
	EndGlobalSection
	GlobalSection(ExtensibilityGlobals) = postSolution
		SolutionGuid = {C19BA14D-5E9C-4608-8999-B401052005B2}
	EndGlobalSection
EndGlobal
